PODS:
  - app_links (7.0.0):
    - Flutter
  - camera_avfoundation (0.0.1):
    - Flutter
  - Flutter (1.0.0)
  - gal (1.0.0):
    - Flutter
    - FlutterMacOS
  - image_picker_ios (0.0.1):
    - Flutter
  - permission_handler_apple (9.3.0):
    - Flutter
  - printing (1.0.0):
    - Flutter
  - shared_preferences_foundation (0.0.1):
    - Flutter
    - FlutterMacOS
  - Stripe (25.9.0):
    - StripeApplePay (= 25.9.0)
    - StripeCore (= 25.9.0)
    - StripeIssuing (= 25.9.0)
    - StripePayments (= 25.9.0)
    - StripePaymentsUI (= 25.9.0)
    - StripeUICore (= 25.9.0)
  - stripe_ios (0.0.1):
    - Flutter
    - Stripe (~> 25.9.0)
    - stripe_ios/stripe_ios (= 0.0.1)
    - stripe_ios/stripe_objc (= 0.0.1)
    - StripeApplePay (~> 25.9.0)
    - StripeFinancialConnections (~> 25.9.0)
    - StripePayments (~> 25.9.0)
    - StripePaymentSheet (~> 25.9.0)
    - StripePaymentsUI (~> 25.9.0)
  - stripe_ios/stripe_ios (0.0.1):
    - Flutter
    - Stripe (~> 25.9.0)
    - stripe_ios/stripe_objc
    - StripeApplePay (~> 25.9.0)
    - StripeFinancialConnections (~> 25.9.0)
    - StripePayments (~> 25.9.0)
    - StripePaymentSheet (~> 25.9.0)
    - StripePaymentsUI (~> 25.9.0)
  - stripe_ios/stripe_objc (0.0.1):
    - Flutter
    - Stripe (~> 25.9.0)
    - StripeApplePay (~> 25.9.0)
    - StripeFinancialConnections (~> 25.9.0)
    - StripePayments (~> 25.9.0)
    - StripePaymentSheet (~> 25.9.0)
    - StripePaymentsUI (~> 25.9.0)
  - StripeApplePay (25.9.0):
    - StripeCore (= 25.9.0)
  - StripeCore (25.9.0)
  - StripeFinancialConnections (25.9.0):
    - StripeCore (= 25.9.0)
    - StripeUICore (= 25.9.0)
  - StripeIssuing (25.9.0):
    - StripeCore (= 25.9.0)
    - StripePayments (= 25.9.0)
    - StripePaymentsUI (= 25.9.0)
  - StripePayments (25.9.0):
    - StripeCore (= 25.9.0)
    - StripePayments/Stripe3DS2 (= 25.9.0)
  - StripePayments/Stripe3DS2 (25.9.0):
    - StripeCore (= 25.9.0)
  - StripePaymentSheet (25.9.0):
    - StripeApplePay (= 25.9.0)
    - StripeCore (= 25.9.0)
    - StripePayments (= 25.9.0)
    - StripePaymentsUI (= 25.9.0)
  - StripePaymentsUI (25.9.0):
    - StripeCore (= 25.9.0)
    - StripePayments (= 25.9.0)
    - StripeUICore (= 25.9.0)
  - StripeUICore (25.9.0):
    - StripeCore (= 25.9.0)
  - TensorFlowLiteC (2.12.0):
    - TensorFlowLiteC/Core (= 2.12.0)
  - TensorFlowLiteC/Core (2.12.0)
  - TensorFlowLiteC/CoreML (2.12.0):
    - TensorFlowLiteC/Core
  - TensorFlowLiteC/Metal (2.12.0):
    - TensorFlowLiteC/Core
  - TensorFlowLiteSwift (2.12.0):
    - TensorFlowLiteSwift/Core (= 2.12.0)
  - TensorFlowLiteSwift/Core (2.12.0):
    - TensorFlowLiteC (= 2.12.0)
  - TensorFlowLiteSwift/CoreML (2.12.0):
    - TensorFlowLiteC/CoreML (= 2.12.0)
    - TensorFlowLiteSwift/Core (= 2.12.0)
  - TensorFlowLiteSwift/Metal (2.12.0):
    - TensorFlowLiteC/Metal (= 2.12.0)
    - TensorFlowLiteSwift/Core (= 2.12.0)
  - tflite_flutter (0.0.1):
    - Flutter
    - TensorFlowLiteSwift (= 2.12.0)
    - TensorFlowLiteSwift/CoreML (= 2.12.0)
    - TensorFlowLiteSwift/Metal (= 2.12.0)
  - url_launcher_ios (0.0.1):
    - Flutter

DEPENDENCIES:
  - app_links (from `.symlinks/plugins/app_links/ios`)
  - camera_avfoundation (from `.symlinks/plugins/camera_avfoundation/ios`)
  - Flutter (from `Flutter`)
  - gal (from `.symlinks/plugins/gal/darwin`)
  - image_picker_ios (from `.symlinks/plugins/image_picker_ios/ios`)
  - permission_handler_apple (from `.symlinks/plugins/permission_handler_apple/ios`)
  - printing (from `.symlinks/plugins/printing/ios`)
  - shared_preferences_foundation (from `.symlinks/plugins/shared_preferences_foundation/darwin`)
  - stripe_ios (from `.symlinks/plugins/stripe_ios/ios`)
  - tflite_flutter (from `.symlinks/plugins/tflite_flutter/ios`)
  - url_launcher_ios (from `.symlinks/plugins/url_launcher_ios/ios`)

SPEC REPOS:
  trunk:
    - Stripe
    - StripeApplePay
    - StripeCore
    - StripeFinancialConnections
    - StripeIssuing
    - StripePayments
    - StripePaymentSheet
    - StripePaymentsUI
    - StripeUICore
    - TensorFlowLiteC
    - TensorFlowLiteSwift

EXTERNAL SOURCES:
  app_links:
    :path: ".symlinks/plugins/app_links/ios"
  camera_avfoundation:
    :path: ".symlinks/plugins/camera_avfoundation/ios"
  Flutter:
    :path: Flutter
  gal:
    :path: ".symlinks/plugins/gal/darwin"
  image_picker_ios:
    :path: ".symlinks/plugins/image_picker_ios/ios"
  permission_handler_apple:
    :path: ".symlinks/plugins/permission_handler_apple/ios"
  printing:
    :path: ".symlinks/plugins/printing/ios"
  shared_preferences_foundation:
    :path: ".symlinks/plugins/shared_preferences_foundation/darwin"
  stripe_ios:
    :path: ".symlinks/plugins/stripe_ios/ios"
  tflite_flutter:
    :path: ".symlinks/plugins/tflite_flutter/ios"
  url_launcher_ios:
    :path: ".symlinks/plugins/url_launcher_ios/ios"

SPEC CHECKSUMS:
  app_links: a754cbec3c255bd4bbb4d236ecc06f28cd9a7ce8
  camera_avfoundation: 5675ca25298b6f81fa0a325188e7df62cc217741
  Flutter: cabc95a1d2626b1b06e7179b784ebcf0c0cde467
  gal: baecd024ebfd13c441269ca7404792a7152fde89
  image_picker_ios: e0ece4aa2a75771a7de3fa735d26d90817041326
  permission_handler_apple: 4ed2196e43d0651e8ff7ca3483a069d469701f2d
  printing: 54ff03f28fe9ba3aa93358afb80a8595a071dd07
  shared_preferences_foundation: 7036424c3d8ec98dfe75ff1667cb0cd531ec82bb
  Stripe: 604acd978f3ec2921098f477ccaa229e12690373
  stripe_ios: 1f895b7e517569a02c732967c48042d941e7352e
  StripeApplePay: 9dabe2d3d897419a7a7663dc3338ff4bc51b9f54
  StripeCore: 87c7dc5c110c1fd6b3de3ecdbc4df54c0ed5968a
  StripeFinancialConnections: 2ef6995c4b5e4dc4007388c248446d47d13f1799
  StripeIssuing: 89b08263d6bc0d881fab731f7336ecf664f93fa2
  StripePayments: d2d00182defa4880b355020d6528a014cbd43170
  StripePaymentSheet: 0fc945d26c9884ad5781d6c636e1b8adedf9a886
  StripePaymentsUI: e2f00f9be6fea280d6188b805fdb5199a96e1151
  StripeUICore: bfe8754c2d78eeb0fc4ce147316a7e5129b58423
  TensorFlowLiteC: 20785a69299185a379ba9852b6625f00afd7984a
  TensorFlowLiteSwift: 3a4928286e9e35bdd3e17970f48e53c80d25e793
  tflite_flutter: 64b192e11352fe36943ab6656e1d49207f1a5595
  url_launcher_ios: 7a95fa5b60cc718a708b8f2966718e93db0cef1b

PODFILE CHECKSUM: 3c63482e143d1b91d2d2560aee9fb04ecc74ac7e

COCOAPODS: 1.16.2
